// !$*UTF8*$!
{
	archiveVersion = 1;
	classes = {
	};
	objectVersion = 56;
	objects = {

/* Begin PBXBuildFile section */
		D494CF562B1924DB00476646 /* SVGView in Frameworks */ = {isa = PBXBuildFile; productRef = D494CF552B1924DB00476646 /* SVGView */; };
		D4A1A4772AFEDAC100ACDE77 /* BlackOpsOne-Regular.ttf in Resources */ = {isa = PBXBuildFile; fileRef = D4A1A4762AFEDAC100ACDE77 /* BlackOpsOne-Regular.ttf */; };
		D4A1A4792AFEDACB00ACDE77 /* FjallaOne-Regular.ttf in Resources */ = {isa = PBXBuildFile; fileRef = D4A1A4782AFEDACB00ACDE77 /* FjallaOne-Regular.ttf */; };
		D4B8B9092AEA2623003E2C46 /* NHL_App_WEEK_1App.swift in Sources */ = {isa = PBXBuildFile; fileRef = D4B8B9082AEA2623003E2C46 /* NHL_App_WEEK_1App.swift */; };
		D4B8B90B2AEA2623003E2C46 /* ContentView.swift in Sources */ = {isa = PBXBuildFile; fileRef = D4B8B90A2AEA2623003E2C46 /* ContentView.swift */; };
		D4B8B90D2AEA2627003E2C46 /* Assets.xcassets in Resources */ = {isa = PBXBuildFile; fileRef = D4B8B90C2AEA2627003E2C46 /* Assets.xcassets */; };
		D4B8B9112AEA2627003E2C46 /* Preview Assets.xcassets in Resources */ = {isa = PBXBuildFile; fileRef = D4B8B9102AEA2627003E2C46 /* Preview Assets.xcassets */; };
		D4B8B91B2AEA2627003E2C46 /* NHL_App_WEEK_1Tests.swift in Sources */ = {isa = PBXBuildFile; fileRef = D4B8B91A2AEA2627003E2C46 /* NHL_App_WEEK_1Tests.swift */; };
		D4B8B9252AEA2627003E2C46 /* NHL_App_WEEK_1UITests.swift in Sources */ = {isa = PBXBuildFile; fileRef = D4B8B9242AEA2627003E2C46 /* NHL_App_WEEK_1UITests.swift */; };
		D4B8B9272AEA2627003E2C46 /* NHL_App_WEEK_1UITestsLaunchTests.swift in Sources */ = {isa = PBXBuildFile; fileRef = D4B8B9262AEA2627003E2C46 /* NHL_App_WEEK_1UITestsLaunchTests.swift */; };
		D4B8B9372AEA2793003E2C46 /* TeamViewModel.swift in Sources */ = {isa = PBXBuildFile; fileRef = D4B8B9362AEA2793003E2C46 /* TeamViewModel.swift */; };
		D4B8B9392AEA27C1003E2C46 /* Teams.swift in Sources */ = {isa = PBXBuildFile; fileRef = D4B8B9382AEA27C1003E2C46 /* Teams.swift */; };
		D4B8B93B2AEAED99003E2C46 /* HomeViewTab.swift in Sources */ = {isa = PBXBuildFile; fileRef = D4B8B93A2AEAED99003E2C46 /* HomeViewTab.swift */; };
		D4B8B93D2AEAEE82003E2C46 /* GameViewTab.swift in Sources */ = {isa = PBXBuildFile; fileRef = D4B8B93C2AEAEE82003E2C46 /* GameViewTab.swift */; };
		D4B8B93F2AEAEE9B003E2C46 /* StandingViewTab.swift in Sources */ = {isa = PBXBuildFile; fileRef = D4B8B93E2AEAEE9B003E2C46 /* StandingViewTab.swift */; };
		D4B8B9442AEB1029003E2C46 /* GameViewModel.swift in Sources */ = {isa = PBXBuildFile; fileRef = D4B8B9432AEB1028003E2C46 /* GameViewModel.swift */; };
		D4B8B9462AEB1046003E2C46 /* StandingViewModel.swift in Sources */ = {isa = PBXBuildFile; fileRef = D4B8B9452AEB1046003E2C46 /* StandingViewModel.swift */; };
		D4B8B94A2AEB1075003E2C46 /* Standings.swift in Sources */ = {isa = PBXBuildFile; fileRef = D4B8B9492AEB1075003E2C46 /* Standings.swift */; };
		D4B8B94C2AEB1093003E2C46 /* Games.swift in Sources */ = {isa = PBXBuildFile; fileRef = D4B8B94B2AEB1093003E2C46 /* Games.swift */; };
/* End PBXBuildFile section */

/* Begin PBXContainerItemProxy section */
		D4B8B9172AEA2627003E2C46 /* PBXContainerItemProxy */ = {
			isa = PBXContainerItemProxy;
			containerPortal = D4B8B8FD2AEA2623003E2C46 /* Project object */;
			proxyType = 1;
			remoteGlobalIDString = D4B8B9042AEA2623003E2C46;
			remoteInfo = "NHL App WEEK 1";
		};
		D4B8B9212AEA2627003E2C46 /* PBXContainerItemProxy */ = {
			isa = PBXContainerItemProxy;
			containerPortal = D4B8B8FD2AEA2623003E2C46 /* Project object */;
			proxyType = 1;
			remoteGlobalIDString = D4B8B9042AEA2623003E2C46;
			remoteInfo = "NHL App WEEK 1";
		};
/* End PBXContainerItemProxy section */

/* Begin PBXFileReference section */
		D4A1A4762AFEDAC100ACDE77 /* BlackOpsOne-Regular.ttf */ = {isa = PBXFileReference; lastKnownFileType = file; path = "BlackOpsOne-Regular.ttf"; sourceTree = "<group>"; };
		D4A1A4782AFEDACB00ACDE77 /* FjallaOne-Regular.ttf */ = {isa = PBXFileReference; lastKnownFileType = file; path = "FjallaOne-Regular.ttf"; sourceTree = "<group>"; };
		D4A1A47A2AFEDAF000ACDE77 /* NHL-App-WEEK-1-Info.plist */ = {isa = PBXFileReference; lastKnownFileType = text.plist; path = "NHL-App-WEEK-1-Info.plist"; sourceTree = SOURCE_ROOT; };
		D4B8B9052AEA2623003E2C46 /* NHL App WEEK 1.app */ = {isa = PBXFileReference; explicitFileType = wrapper.application; includeInIndex = 0; path = "NHL App WEEK 1.app"; sourceTree = BUILT_PRODUCTS_DIR; };
		D4B8B9082AEA2623003E2C46 /* NHL_App_WEEK_1App.swift */ = {isa = PBXFileReference; lastKnownFileType = sourcecode.swift; path = NHL_App_WEEK_1App.swift; sourceTree = "<group>"; };
		D4B8B90A2AEA2623003E2C46 /* ContentView.swift */ = {isa = PBXFileReference; lastKnownFileType = sourcecode.swift; path = ContentView.swift; sourceTree = "<group>"; };
		D4B8B90C2AEA2627003E2C46 /* Assets.xcassets */ = {isa = PBXFileReference; lastKnownFileType = folder.assetcatalog; path = Assets.xcassets; sourceTree = "<group>"; };
		D4B8B90E2AEA2627003E2C46 /* NHL_App_WEEK_1.entitlements */ = {isa = PBXFileReference; lastKnownFileType = text.plist.entitlements; path = NHL_App_WEEK_1.entitlements; sourceTree = "<group>"; };
		D4B8B9102AEA2627003E2C46 /* Preview Assets.xcassets */ = {isa = PBXFileReference; lastKnownFileType = folder.assetcatalog; path = "Preview Assets.xcassets"; sourceTree = "<group>"; };
		D4B8B9162AEA2627003E2C46 /* NHL App WEEK 1Tests.xctest */ = {isa = PBXFileReference; explicitFileType = wrapper.cfbundle; includeInIndex = 0; path = "NHL App WEEK 1Tests.xctest"; sourceTree = BUILT_PRODUCTS_DIR; };
		D4B8B91A2AEA2627003E2C46 /* NHL_App_WEEK_1Tests.swift */ = {isa = PBXFileReference; lastKnownFileType = sourcecode.swift; path = NHL_App_WEEK_1Tests.swift; sourceTree = "<group>"; };
		D4B8B9202AEA2627003E2C46 /* NHL App WEEK 1UITests.xctest */ = {isa = PBXFileReference; explicitFileType = wrapper.cfbundle; includeInIndex = 0; path = "NHL App WEEK 1UITests.xctest"; sourceTree = BUILT_PRODUCTS_DIR; };
		D4B8B9242AEA2627003E2C46 /* NHL_App_WEEK_1UITests.swift */ = {isa = PBXFileReference; lastKnownFileType = sourcecode.swift; path = NHL_App_WEEK_1UITests.swift; sourceTree = "<group>"; };
		D4B8B9262AEA2627003E2C46 /* NHL_App_WEEK_1UITestsLaunchTests.swift */ = {isa = PBXFileReference; lastKnownFileType = sourcecode.swift; path = NHL_App_WEEK_1UITestsLaunchTests.swift; sourceTree = "<group>"; };
		D4B8B9362AEA2793003E2C46 /* TeamViewModel.swift */ = {isa = PBXFileReference; lastKnownFileType = sourcecode.swift; path = TeamViewModel.swift; sourceTree = "<group>"; };
		D4B8B9382AEA27C1003E2C46 /* Teams.swift */ = {isa = PBXFileReference; lastKnownFileType = sourcecode.swift; path = Teams.swift; sourceTree = "<group>"; };
		D4B8B93A2AEAED99003E2C46 /* HomeViewTab.swift */ = {isa = PBXFileReference; lastKnownFileType = sourcecode.swift; path = HomeViewTab.swift; sourceTree = "<group>"; };
		D4B8B93C2AEAEE82003E2C46 /* GameViewTab.swift */ = {isa = PBXFileReference; lastKnownFileType = sourcecode.swift; path = GameViewTab.swift; sourceTree = "<group>"; };
		D4B8B93E2AEAEE9B003E2C46 /* StandingViewTab.swift */ = {isa = PBXFileReference; lastKnownFileType = sourcecode.swift; path = StandingViewTab.swift; sourceTree = "<group>"; };
		D4B8B9432AEB1028003E2C46 /* GameViewModel.swift */ = {isa = PBXFileReference; lastKnownFileType = sourcecode.swift; path = GameViewModel.swift; sourceTree = "<group>"; };
		D4B8B9452AEB1046003E2C46 /* StandingViewModel.swift */ = {isa = PBXFileReference; lastKnownFileType = sourcecode.swift; path = StandingViewModel.swift; sourceTree = "<group>"; };
		D4B8B9492AEB1075003E2C46 /* Standings.swift */ = {isa = PBXFileReference; lastKnownFileType = sourcecode.swift; path = Standings.swift; sourceTree = "<group>"; };
		D4B8B94B2AEB1093003E2C46 /* Games.swift */ = {isa = PBXFileReference; lastKnownFileType = sourcecode.swift; path = Games.swift; sourceTree = "<group>"; };
/* End PBXFileReference section */

/* Begin PBXFrameworksBuildPhase section */
		D4B8B9022AEA2623003E2C46 /* Frameworks */ = {
			isa = PBXFrameworksBuildPhase;
			buildActionMask = 2147483647;
			files = (
				D494CF562B1924DB00476646 /* SVGView in Frameworks */,
			);
			runOnlyForDeploymentPostprocessing = 0;
		};
		D4B8B9132AEA2627003E2C46 /* Frameworks */ = {
			isa = PBXFrameworksBuildPhase;
			buildActionMask = 2147483647;
			files = (
			);
			runOnlyForDeploymentPostprocessing = 0;
		};
		D4B8B91D2AEA2627003E2C46 /* Frameworks */ = {
			isa = PBXFrameworksBuildPhase;
			buildActionMask = 2147483647;
			files = (
			);
			runOnlyForDeploymentPostprocessing = 0;
		};
/* End PBXFrameworksBuildPhase section */

/* Begin PBXGroup section */
		D4B8B8FC2AEA2623003E2C46 = {
			isa = PBXGroup;
			children = (
				D4B8B9072AEA2623003E2C46 /* NHL App WEEK 1 */,
				D4B8B9192AEA2627003E2C46 /* NHL App WEEK 1Tests */,
				D4B8B9232AEA2627003E2C46 /* NHL App WEEK 1UITests */,
				D4B8B9062AEA2623003E2C46 /* Products */,
			);
			sourceTree = "<group>";
		};
		D4B8B9062AEA2623003E2C46 /* Products */ = {
			isa = PBXGroup;
			children = (
				D4B8B9052AEA2623003E2C46 /* NHL App WEEK 1.app */,
				D4B8B9162AEA2627003E2C46 /* NHL App WEEK 1Tests.xctest */,
				D4B8B9202AEA2627003E2C46 /* NHL App WEEK 1UITests.xctest */,
			);
			name = Products;
			sourceTree = "<group>";
		};
		D4B8B9072AEA2623003E2C46 /* NHL App WEEK 1 */ = {
			isa = PBXGroup;
			children = (
				D4A1A47A2AFEDAF000ACDE77 /* NHL-App-WEEK-1-Info.plist */,
				D4B8B9082AEA2623003E2C46 /* NHL_App_WEEK_1App.swift */,
				D4B8B9332AEA2657003E2C46 /* Views */,
				D4B8B9342AEA266B003E2C46 /* ViewModel */,
				D4B8B9352AEA26A0003E2C46 /* Models */,
				D4B8B90C2AEA2627003E2C46 /* Assets.xcassets */,
				D4B8B90E2AEA2627003E2C46 /* NHL_App_WEEK_1.entitlements */,
				D4B8B90F2AEA2627003E2C46 /* Preview Content */,
			);
			path = "NHL App WEEK 1";
			sourceTree = "<group>";
		};
		D4B8B90F2AEA2627003E2C46 /* Preview Content */ = {
			isa = PBXGroup;
			children = (
				D4B8B9102AEA2627003E2C46 /* Preview Assets.xcassets */,
			);
			path = "Preview Content";
			sourceTree = "<group>";
		};
		D4B8B9192AEA2627003E2C46 /* NHL App WEEK 1Tests */ = {
			isa = PBXGroup;
			children = (
				D4B8B91A2AEA2627003E2C46 /* NHL_App_WEEK_1Tests.swift */,
			);
			path = "NHL App WEEK 1Tests";
			sourceTree = "<group>";
		};
		D4B8B9232AEA2627003E2C46 /* NHL App WEEK 1UITests */ = {
			isa = PBXGroup;
			children = (
				D4B8B9242AEA2627003E2C46 /* NHL_App_WEEK_1UITests.swift */,
				D4B8B9262AEA2627003E2C46 /* NHL_App_WEEK_1UITestsLaunchTests.swift */,
			);
			path = "NHL App WEEK 1UITests";
			sourceTree = "<group>";
		};
		D4B8B9332AEA2657003E2C46 /* Views */ = {
			isa = PBXGroup;
			children = (
				D4B8B90A2AEA2623003E2C46 /* ContentView.swift */,
				D4A1A4762AFEDAC100ACDE77 /* BlackOpsOne-Regular.ttf */,
				D4A1A4782AFEDACB00ACDE77 /* FjallaOne-Regular.ttf */,
				D4B8B9422AEAEF2C003E2C46 /* ViewTab */,
			);
			path = Views;
			sourceTree = "<group>";
		};
		D4B8B9342AEA266B003E2C46 /* ViewModel */ = {
			isa = PBXGroup;
			children = (
				D4B8B9362AEA2793003E2C46 /* TeamViewModel.swift */,
				D4B8B9432AEB1028003E2C46 /* GameViewModel.swift */,
				D4B8B9452AEB1046003E2C46 /* StandingViewModel.swift */,
			);
			path = ViewModel;
			sourceTree = "<group>";
		};
		D4B8B9352AEA26A0003E2C46 /* Models */ = {
			isa = PBXGroup;
			children = (
				D4B8B9382AEA27C1003E2C46 /* Teams.swift */,
				D4B8B94B2AEB1093003E2C46 /* Games.swift */,
				D4B8B9492AEB1075003E2C46 /* Standings.swift */,
			);
			path = Models;
			sourceTree = "<group>";
		};
		D4B8B9422AEAEF2C003E2C46 /* ViewTab */ = {
			isa = PBXGroup;
			children = (
				D4B8B93A2AEAED99003E2C46 /* HomeViewTab.swift */,
				D4B8B93C2AEAEE82003E2C46 /* GameViewTab.swift */,
				D4B8B93E2AEAEE9B003E2C46 /* StandingViewTab.swift */,
			);
			path = ViewTab;
			sourceTree = "<group>";
		};
/* End PBXGroup section */

/* Begin PBXNativeTarget section */
		D4B8B9042AEA2623003E2C46 /* NHL App WEEK 1 */ = {
			isa = PBXNativeTarget;
			buildConfigurationList = D4B8B92A2AEA2627003E2C46 /* Build configuration list for PBXNativeTarget "NHL App WEEK 1" */;
			buildPhases = (
				D4B8B9012AEA2623003E2C46 /* Sources */,
				D4B8B9022AEA2623003E2C46 /* Frameworks */,
				D4B8B9032AEA2623003E2C46 /* Resources */,
			);
			buildRules = (
			);
			dependencies = (
			);
			name = "NHL App WEEK 1";
			packageProductDependencies = (
				D494CF552B1924DB00476646 /* SVGView */,
			);
			productName = "NHL App WEEK 1";
			productReference = D4B8B9052AEA2623003E2C46 /* NHL App WEEK 1.app */;
			productType = "com.apple.product-type.application";
		};
		D4B8B9152AEA2627003E2C46 /* NHL App WEEK 1Tests */ = {
			isa = PBXNativeTarget;
			buildConfigurationList = D4B8B92D2AEA2627003E2C46 /* Build configuration list for PBXNativeTarget "NHL App WEEK 1Tests" */;
			buildPhases = (
				D4B8B9122AEA2627003E2C46 /* Sources */,
				D4B8B9132AEA2627003E2C46 /* Frameworks */,
				D4B8B9142AEA2627003E2C46 /* Resources */,
			);
			buildRules = (
			);
			dependencies = (
				D4B8B9182AEA2627003E2C46 /* PBXTargetDependency */,
			);
			name = "NHL App WEEK 1Tests";
			productName = "NHL App WEEK 1Tests";
			productReference = D4B8B9162AEA2627003E2C46 /* NHL App WEEK 1Tests.xctest */;
			productType = "com.apple.product-type.bundle.unit-test";
		};
		D4B8B91F2AEA2627003E2C46 /* NHL App WEEK 1UITests */ = {
			isa = PBXNativeTarget;
			buildConfigurationList = D4B8B9302AEA2627003E2C46 /* Build configuration list for PBXNativeTarget "NHL App WEEK 1UITests" */;
			buildPhases = (
				D4B8B91C2AEA2627003E2C46 /* Sources */,
				D4B8B91D2AEA2627003E2C46 /* Frameworks */,
				D4B8B91E2AEA2627003E2C46 /* Resources */,
			);
			buildRules = (
			);
			dependencies = (
				D4B8B9222AEA2627003E2C46 /* PBXTargetDependency */,
			);
			name = "NHL App WEEK 1UITests";
			productName = "NHL App WEEK 1UITests";
			productReference = D4B8B9202AEA2627003E2C46 /* NHL App WEEK 1UITests.xctest */;
			productType = "com.apple.product-type.bundle.ui-testing";
		};
/* End PBXNativeTarget section */

/* Begin PBXProject section */
		D4B8B8FD2AEA2623003E2C46 /* Project object */ = {
			isa = PBXProject;
			attributes = {
				BuildIndependentTargetsInParallel = 1;
				LastSwiftUpdateCheck = 1500;
				LastUpgradeCheck = 1500;
				TargetAttributes = {
					D4B8B9042AEA2623003E2C46 = {
						CreatedOnToolsVersion = 15.0;
					};
					D4B8B9152AEA2627003E2C46 = {
						CreatedOnToolsVersion = 15.0;
						TestTargetID = D4B8B9042AEA2623003E2C46;
					};
					D4B8B91F2AEA2627003E2C46 = {
						CreatedOnToolsVersion = 15.0;
						TestTargetID = D4B8B9042AEA2623003E2C46;
					};
				};
			};
			buildConfigurationList = D4B8B9002AEA2623003E2C46 /* Build configuration list for PBXProject "NHL App WEEK 1" */;
			compatibilityVersion = "Xcode 14.0";
			developmentRegion = en;
			hasScannedForEncodings = 0;
			knownRegions = (
				en,
				Base,
			);
			mainGroup = D4B8B8FC2AEA2623003E2C46;
			packageReferences = (
				D494CF542B1924DB00476646 /* XCRemoteSwiftPackageReference "SVGView" */,
			);
			productRefGroup = D4B8B9062AEA2623003E2C46 /* Products */;
			projectDirPath = "";
			projectRoot = "";
			targets = (
				D4B8B9042AEA2623003E2C46 /* NHL App WEEK 1 */,
				D4B8B9152AEA2627003E2C46 /* NHL App WEEK 1Tests */,
				D4B8B91F2AEA2627003E2C46 /* NHL App WEEK 1UITests */,
			);
		};
/* End PBXProject section */

/* Begin PBXResourcesBuildPhase section */
		D4B8B9032AEA2623003E2C46 /* Resources */ = {
			isa = PBXResourcesBuildPhase;
			buildActionMask = 2147483647;
			files = (
				D4A1A4792AFEDACB00ACDE77 /* FjallaOne-Regular.ttf in Resources */,
				D4A1A4772AFEDAC100ACDE77 /* BlackOpsOne-Regular.ttf in Resources */,
				D4B8B9112AEA2627003E2C46 /* Preview Assets.xcassets in Resources */,
				D4B8B90D2AEA2627003E2C46 /* Assets.xcassets in Resources */,
			);
			runOnlyForDeploymentPostprocessing = 0;
		};
		D4B8B9142AEA2627003E2C46 /* Resources */ = {
			isa = PBXResourcesBuildPhase;
			buildActionMask = 2147483647;
			files = (
			);
			runOnlyForDeploymentPostprocessing = 0;
		};
		D4B8B91E2AEA2627003E2C46 /* Resources */ = {
			isa = PBXResourcesBuildPhase;
			buildActionMask = 2147483647;
			files = (
			);
			runOnlyForDeploymentPostprocessing = 0;
		};
/* End PBXResourcesBuildPhase section */

/* Begin PBXSourcesBuildPhase section */
		D4B8B9012AEA2623003E2C46 /* Sources */ = {
			isa = PBXSourcesBuildPhase;
			buildActionMask = 2147483647;
			files = (
				D4B8B9442AEB1029003E2C46 /* GameViewModel.swift in Sources */,
				D4B8B93F2AEAEE9B003E2C46 /* StandingViewTab.swift in Sources */,
				D4B8B94C2AEB1093003E2C46 /* Games.swift in Sources */,
				D4B8B93B2AEAED99003E2C46 /* HomeViewTab.swift in Sources */,
				D4B8B9392AEA27C1003E2C46 /* Teams.swift in Sources */,
				D4B8B94A2AEB1075003E2C46 /* Standings.swift in Sources */,
				D4B8B93D2AEAEE82003E2C46 /* GameViewTab.swift in Sources */,
				D4B8B9462AEB1046003E2C46 /* StandingViewModel.swift in Sources */,
				D4B8B90B2AEA2623003E2C46 /* ContentView.swift in Sources */,
				D4B8B9092AEA2623003E2C46 /* NHL_App_WEEK_1App.swift in Sources */,
				D4B8B9372AEA2793003E2C46 /* TeamViewModel.swift in Sources */,
			);
			runOnlyForDeploymentPostprocessing = 0;
		};
		D4B8B9122AEA2627003E2C46 /* Sources */ = {
			isa = PBXSourcesBuildPhase;
			buildActionMask = 2147483647;
			files = (
				D4B8B91B2AEA2627003E2C46 /* NHL_App_WEEK_1Tests.swift in Sources */,
			);
			runOnlyForDeploymentPostprocessing = 0;
		};
		D4B8B91C2AEA2627003E2C46 /* Sources */ = {
			isa = PBXSourcesBuildPhase;
			buildActionMask = 2147483647;
			files = (
				D4B8B9252AEA2627003E2C46 /* NHL_App_WEEK_1UITests.swift in Sources */,
				D4B8B9272AEA2627003E2C46 /* NHL_App_WEEK_1UITestsLaunchTests.swift in Sources */,
			);
			runOnlyForDeploymentPostprocessing = 0;
		};
/* End PBXSourcesBuildPhase section */

/* Begin PBXTargetDependency section */
		D4B8B9182AEA2627003E2C46 /* PBXTargetDependency */ = {
			isa = PBXTargetDependency;
			target = D4B8B9042AEA2623003E2C46 /* NHL App WEEK 1 */;
			targetProxy = D4B8B9172AEA2627003E2C46 /* PBXContainerItemProxy */;
		};
		D4B8B9222AEA2627003E2C46 /* PBXTargetDependency */ = {
			isa = PBXTargetDependency;
			target = D4B8B9042AEA2623003E2C46 /* NHL App WEEK 1 */;
			targetProxy = D4B8B9212AEA2627003E2C46 /* PBXContainerItemProxy */;
		};
/* End PBXTargetDependency section */

/* Begin XCBuildConfiguration section */
		D4B8B9282AEA2627003E2C46 /* Debug */ = {
			isa = XCBuildConfiguration;
			buildSettings = {
				ALWAYS_SEARCH_USER_PATHS = NO;
				ASSETCATALOG_COMPILER_GENERATE_SWIFT_ASSET_SYMBOL_EXTENSIONS = YES;
				CLANG_ANALYZER_NONNULL = YES;
				CLANG_ANALYZER_NUMBER_OBJECT_CONVERSION = YES_AGGRESSIVE;
				CLANG_CXX_LANGUAGE_STANDARD = "gnu++20";
				CLANG_ENABLE_MODULES = YES;
				CLANG_ENABLE_OBJC_ARC = YES;
				CLANG_ENABLE_OBJC_WEAK = YES;
				CLANG_WARN_BLOCK_CAPTURE_AUTORELEASING = YES;
				CLANG_WARN_BOOL_CONVERSION = YES;
				CLANG_WARN_COMMA = YES;
				CLANG_WARN_CONSTANT_CONVERSION = YES;
				CLANG_WARN_DEPRECATED_OBJC_IMPLEMENTATIONS = YES;
				CLANG_WARN_DIRECT_OBJC_ISA_USAGE = YES_ERROR;
				CLANG_WARN_DOCUMENTATION_COMMENTS = YES;
				CLANG_WARN_EMPTY_BODY = YES;
				CLANG_WARN_ENUM_CONVERSION = YES;
				CLANG_WARN_INFINITE_RECURSION = YES;
				CLANG_WARN_INT_CONVERSION = YES;
				CLANG_WARN_NON_LITERAL_NULL_CONVERSION = YES;
				CLANG_WARN_OBJC_IMPLICIT_RETAIN_SELF = YES;
				CLANG_WARN_OBJC_LITERAL_CONVERSION = YES;
				CLANG_WARN_OBJC_ROOT_CLASS = YES_ERROR;
				CLANG_WARN_QUOTED_INCLUDE_IN_FRAMEWORK_HEADER = YES;
				CLANG_WARN_RANGE_LOOP_ANALYSIS = YES;
				CLANG_WARN_STRICT_PROTOTYPES = YES;
				CLANG_WARN_SUSPICIOUS_MOVE = YES;
				CLANG_WARN_UNGUARDED_AVAILABILITY = YES_AGGRESSIVE;
				CLANG_WARN_UNREACHABLE_CODE = YES;
				CLANG_WARN__DUPLICATE_METHOD_MATCH = YES;
				COPY_PHASE_STRIP = NO;
				DEBUG_INFORMATION_FORMAT = dwarf;
				ENABLE_STRICT_OBJC_MSGSEND = YES;
				ENABLE_TESTABILITY = YES;
				ENABLE_USER_SCRIPT_SANDBOXING = YES;
				GCC_C_LANGUAGE_STANDARD = gnu17;
				GCC_DYNAMIC_NO_PIC = NO;
				GCC_NO_COMMON_BLOCKS = YES;
				GCC_OPTIMIZATION_LEVEL = 0;
				GCC_PREPROCESSOR_DEFINITIONS = (
					"DEBUG=1",
					"$(inherited)",
				);
				GCC_WARN_64_TO_32_BIT_CONVERSION = YES;
				GCC_WARN_ABOUT_RETURN_TYPE = YES_ERROR;
				GCC_WARN_UNDECLARED_SELECTOR = YES;
				GCC_WARN_UNINITIALIZED_AUTOS = YES_AGGRESSIVE;
				GCC_WARN_UNUSED_FUNCTION = YES;
				GCC_WARN_UNUSED_VARIABLE = YES;
				LOCALIZATION_PREFERS_STRING_CATALOGS = YES;
				MTL_ENABLE_DEBUG_INFO = INCLUDE_SOURCE;
				MTL_FAST_MATH = YES;
				ONLY_ACTIVE_ARCH = YES;
				SWIFT_ACTIVE_COMPILATION_CONDITIONS = "DEBUG $(inherited)";
				SWIFT_OPTIMIZATION_LEVEL = "-Onone";
			};
			name = Debug;
		};
		D4B8B9292AEA2627003E2C46 /* Release */ = {
			isa = XCBuildConfiguration;
			buildSettings = {
				ALWAYS_SEARCH_USER_PATHS = NO;
				ASSETCATALOG_COMPILER_GENERATE_SWIFT_ASSET_SYMBOL_EXTENSIONS = YES;
				CLANG_ANALYZER_NONNULL = YES;
				CLANG_ANALYZER_NUMBER_OBJECT_CONVERSION = YES_AGGRESSIVE;
				CLANG_CXX_LANGUAGE_STANDARD = "gnu++20";
				CLANG_ENABLE_MODULES = YES;
				CLANG_ENABLE_OBJC_ARC = YES;
				CLANG_ENABLE_OBJC_WEAK = YES;
				CLANG_WARN_BLOCK_CAPTURE_AUTORELEASING = YES;
				CLANG_WARN_BOOL_CONVERSION = YES;
				CLANG_WARN_COMMA = YES;
				CLANG_WARN_CONSTANT_CONVERSION = YES;
				CLANG_WARN_DEPRECATED_OBJC_IMPLEMENTATIONS = YES;
				CLANG_WARN_DIRECT_OBJC_ISA_USAGE = YES_ERROR;
				CLANG_WARN_DOCUMENTATION_COMMENTS = YES;
				CLANG_WARN_EMPTY_BODY = YES;
				CLANG_WARN_ENUM_CONVERSION = YES;
				CLANG_WARN_INFINITE_RECURSION = YES;
				CLANG_WARN_INT_CONVERSION = YES;
				CLANG_WARN_NON_LITERAL_NULL_CONVERSION = YES;
				CLANG_WARN_OBJC_IMPLICIT_RETAIN_SELF = YES;
				CLANG_WARN_OBJC_LITERAL_CONVERSION = YES;
				CLANG_WARN_OBJC_ROOT_CLASS = YES_ERROR;
				CLANG_WARN_QUOTED_INCLUDE_IN_FRAMEWORK_HEADER = YES;
				CLANG_WARN_RANGE_LOOP_ANALYSIS = YES;
				CLANG_WARN_STRICT_PROTOTYPES = YES;
				CLANG_WARN_SUSPICIOUS_MOVE = YES;
				CLANG_WARN_UNGUARDED_AVAILABILITY = YES_AGGRESSIVE;
				CLANG_WARN_UNREACHABLE_CODE = YES;
				CLANG_WARN__DUPLICATE_METHOD_MATCH = YES;
				COPY_PHASE_STRIP = NO;
				DEBUG_INFORMATION_FORMAT = "dwarf-with-dsym";
				ENABLE_NS_ASSERTIONS = NO;
				ENABLE_STRICT_OBJC_MSGSEND = YES;
				ENABLE_USER_SCRIPT_SANDBOXING = YES;
				GCC_C_LANGUAGE_STANDARD = gnu17;
				GCC_NO_COMMON_BLOCKS = YES;
				GCC_WARN_64_TO_32_BIT_CONVERSION = YES;
				GCC_WARN_ABOUT_RETURN_TYPE = YES_ERROR;
				GCC_WARN_UNDECLARED_SELECTOR = YES;
				GCC_WARN_UNINITIALIZED_AUTOS = YES_AGGRESSIVE;
				GCC_WARN_UNUSED_FUNCTION = YES;
				GCC_WARN_UNUSED_VARIABLE = YES;
				LOCALIZATION_PREFERS_STRING_CATALOGS = YES;
				MTL_ENABLE_DEBUG_INFO = NO;
				MTL_FAST_MATH = YES;
				SWIFT_COMPILATION_MODE = wholemodule;
			};
			name = Release;
		};
		D4B8B92B2AEA2627003E2C46 /* Debug */ = {
			isa = XCBuildConfiguration;
			buildSettings = {
				ASSETCATALOG_COMPILER_APPICON_NAME = AppIcon;
				ASSETCATALOG_COMPILER_GLOBAL_ACCENT_COLOR_NAME = AccentColor;
				CODE_SIGN_ENTITLEMENTS = "NHL App WEEK 1/NHL_App_WEEK_1.entitlements";
				CODE_SIGN_STYLE = Automatic;
				CURRENT_PROJECT_VERSION = 1;
				DEVELOPMENT_ASSET_PATHS = "\"NHL App WEEK 1/Preview Content\"";
				DEVELOPMENT_TEAM = H2ANL4K7JB;
				ENABLE_HARDENED_RUNTIME = YES;
				ENABLE_PREVIEWS = YES;
				GENERATE_INFOPLIST_FILE = YES;
				INFOPLIST_FILE = "NHL-App-WEEK-1-Info.plist";
				INFOPLIST_KEY_LSApplicationCategoryType = "";
				"INFOPLIST_KEY_UIApplicationSceneManifest_Generation[sdk=iphoneos*]" = YES;
				"INFOPLIST_KEY_UIApplicationSceneManifest_Generation[sdk=iphonesimulator*]" = YES;
				"INFOPLIST_KEY_UIApplicationSupportsIndirectInputEvents[sdk=iphoneos*]" = YES;
				"INFOPLIST_KEY_UIApplicationSupportsIndirectInputEvents[sdk=iphonesimulator*]" = YES;
				"INFOPLIST_KEY_UILaunchScreen_Generation[sdk=iphoneos*]" = YES;
				"INFOPLIST_KEY_UILaunchScreen_Generation[sdk=iphonesimulator*]" = YES;
				"INFOPLIST_KEY_UIStatusBarStyle[sdk=iphoneos*]" = UIStatusBarStyleDefault;
				"INFOPLIST_KEY_UIStatusBarStyle[sdk=iphonesimulator*]" = UIStatusBarStyleDefault;
				INFOPLIST_KEY_UISupportedInterfaceOrientations_iPad = "UIInterfaceOrientationPortrait UIInterfaceOrientationPortraitUpsideDown UIInterfaceOrientationLandscapeLeft UIInterfaceOrientationLandscapeRight";
				INFOPLIST_KEY_UISupportedInterfaceOrientations_iPhone = "UIInterfaceOrientationPortrait UIInterfaceOrientationLandscapeLeft UIInterfaceOrientationLandscapeRight";
				IPHONEOS_DEPLOYMENT_TARGET = 17.0;
				LD_RUNPATH_SEARCH_PATHS = "@executable_path/Frameworks";
				"LD_RUNPATH_SEARCH_PATHS[sdk=macosx*]" = "@executable_path/../Frameworks";
				MACOSX_DEPLOYMENT_TARGET = 13.5;
				MARKETING_VERSION = 1.0;
				PRODUCT_BUNDLE_IDENTIFIER = "com.example.NHL-App-WEEK-1";
				PRODUCT_NAME = "$(TARGET_NAME)";
				SDKROOT = auto;
				SUPPORTED_PLATFORMS = "iphoneos iphonesimulator macosx";
				SWIFT_EMIT_LOC_STRINGS = YES;
				SWIFT_VERSION = 5.0;
				TARGETED_DEVICE_FAMILY = "1,2";
			};
			name = Debug;
		};
		D4B8B92C2AEA2627003E2C46 /* Release */ = {
			isa = XCBuildConfiguration;
			buildSettings = {
				ASSETCATALOG_COMPILER_APPICON_NAME = AppIcon;
				ASSETCATALOG_COMPILER_GLOBAL_ACCENT_COLOR_NAME = AccentColor;
				CODE_SIGN_ENTITLEMENTS = "NHL App WEEK 1/NHL_App_WEEK_1.entitlements";
				CODE_SIGN_STYLE = Automatic;
				CURRENT_PROJECT_VERSION = 1;
				DEVELOPMENT_ASSET_PATHS = "\"NHL App WEEK 1/Preview Content\"";
				DEVELOPMENT_TEAM = H2ANL4K7JB;
				ENABLE_HARDENED_RUNTIME = YES;
				ENABLE_PREVIEWS = YES;
				GENERATE_INFOPLIST_FILE = YES;
				INFOPLIST_FILE = "NHL-App-WEEK-1-Info.plist";
				INFOPLIST_KEY_LSApplicationCategoryType = "";
				"INFOPLIST_KEY_UIApplicationSceneManifest_Generation[sdk=iphoneos*]" = YES;
				"INFOPLIST_KEY_UIApplicationSceneManifest_Generation[sdk=iphonesimulator*]" = YES;
				"INFOPLIST_KEY_UIApplicationSupportsIndirectInputEvents[sdk=iphoneos*]" = YES;
				"INFOPLIST_KEY_UIApplicationSupportsIndirectInputEvents[sdk=iphonesimulator*]" = YES;
				"INFOPLIST_KEY_UILaunchScreen_Generation[sdk=iphoneos*]" = YES;
				"INFOPLIST_KEY_UILaunchScreen_Generation[sdk=iphonesimulator*]" = YES;
				"INFOPLIST_KEY_UIStatusBarStyle[sdk=iphoneos*]" = UIStatusBarStyleDefault;
				"INFOPLIST_KEY_UIStatusBarStyle[sdk=iphonesimulator*]" = UIStatusBarStyleDefault;
				INFOPLIST_KEY_UISupportedInterfaceOrientations_iPad = "UIInterfaceOrientationPortrait UIInterfaceOrientationPortraitUpsideDown UIInterfaceOrientationLandscapeLeft UIInterfaceOrientationLandscapeRight";
				INFOPLIST_KEY_UISupportedInterfaceOrientations_iPhone = "UIInterfaceOrientationPortrait UIInterfaceOrientationLandscapeLeft UIInterfaceOrientationLandscapeRight";
				IPHONEOS_DEPLOYMENT_TARGET = 17.0;
				LD_RUNPATH_SEARCH_PATHS = "@executable_path/Frameworks";
				"LD_RUNPATH_SEARCH_PATHS[sdk=macosx*]" = "@executable_path/../Frameworks";
				MACOSX_DEPLOYMENT_TARGET = 13.5;
				MARKETING_VERSION = 1.0;
				PRODUCT_BUNDLE_IDENTIFIER = "com.example.NHL-App-WEEK-1";
				PRODUCT_NAME = "$(TARGET_NAME)";
				SDKROOT = auto;
				SUPPORTED_PLATFORMS = "iphoneos iphonesimulator macosx";
				SWIFT_EMIT_LOC_STRINGS = YES;
				SWIFT_VERSION = 5.0;
				TARGETED_DEVICE_FAMILY = "1,2";
			};
			name = Release;
		};
		D4B8B92E2AEA2627003E2C46 /* Debug */ = {
			isa = XCBuildConfiguration;
			buildSettings = {
				ALWAYS_EMBED_SWIFT_STANDARD_LIBRARIES = YES;
				BUNDLE_LOADER = "$(TEST_HOST)";
				CODE_SIGN_STYLE = Automatic;
				CURRENT_PROJECT_VERSION = 1;
				DEVELOPMENT_TEAM = H2ANL4K7JB;
				GENERATE_INFOPLIST_FILE = YES;
				IPHONEOS_DEPLOYMENT_TARGET = 17.0;
				MACOSX_DEPLOYMENT_TARGET = 13.5;
				MARKETING_VERSION = 1.0;
				PRODUCT_BUNDLE_IDENTIFIER = "com.example.NHL-App-WEEK-1Tests";
				PRODUCT_NAME = "$(TARGET_NAME)";
				SDKROOT = auto;
				SUPPORTED_PLATFORMS = "iphoneos iphonesimulator macosx";
				SWIFT_EMIT_LOC_STRINGS = NO;
				SWIFT_VERSION = 5.0;
				TARGETED_DEVICE_FAMILY = "1,2";
				TEST_HOST = "$(BUILT_PRODUCTS_DIR)/NHL App WEEK 1.app/$(BUNDLE_EXECUTABLE_FOLDER_PATH)/NHL App WEEK 1";
			};
			name = Debug;
		};
		D4B8B92F2AEA2627003E2C46 /* Release */ = {
			isa = XCBuildConfiguration;
			buildSettings = {
				ALWAYS_EMBED_SWIFT_STANDARD_LIBRARIES = YES;
				BUNDLE_LOADER = "$(TEST_HOST)";
				CODE_SIGN_STYLE = Automatic;
				CURRENT_PROJECT_VERSION = 1;
				DEVELOPMENT_TEAM = H2ANL4K7JB;
				GENERATE_INFOPLIST_FILE = YES;
				IPHONEOS_DEPLOYMENT_TARGET = 17.0;
				MACOSX_DEPLOYMENT_TARGET = 13.5;
				MARKETING_VERSION = 1.0;
				PRODUCT_BUNDLE_IDENTIFIER = "com.example.NHL-App-WEEK-1Tests";
				PRODUCT_NAME = "$(TARGET_NAME)";
				SDKROOT = auto;
				SUPPORTED_PLATFORMS = "iphoneos iphonesimulator macosx";
				SWIFT_EMIT_LOC_STRINGS = NO;
				SWIFT_VERSION = 5.0;
				TARGETED_DEVICE_FAMILY = "1,2";
				TEST_HOST = "$(BUILT_PRODUCTS_DIR)/NHL App WEEK 1.app/$(BUNDLE_EXECUTABLE_FOLDER_PATH)/NHL App WEEK 1";
			};
			name = Release;
		};
		D4B8B9312AEA2627003E2C46 /* Debug */ = {
			isa = XCBuildConfiguration;
			buildSettings = {
				ALWAYS_EMBED_SWIFT_STANDARD_LIBRARIES = YES;
				CODE_SIGN_STYLE = Automatic;
				CURRENT_PROJECT_VERSION = 1;
				DEVELOPMENT_TEAM = H2ANL4K7JB;
				GENERATE_INFOPLIST_FILE = YES;
				IPHONEOS_DEPLOYMENT_TARGET = 17.0;
				MACOSX_DEPLOYMENT_TARGET = 13.5;
				MARKETING_VERSION = 1.0;
				PRODUCT_BUNDLE_IDENTIFIER = "com.example.NHL-App-WEEK-1UITests";
				PRODUCT_NAME = "$(TARGET_NAME)";
				SDKROOT = auto;
				SUPPORTED_PLATFORMS = "iphoneos iphonesimulator macosx";
				SWIFT_EMIT_LOC_STRINGS = NO;
				SWIFT_VERSION = 5.0;
				TARGETED_DEVICE_FAMILY = "1,2";
				TEST_TARGET_NAME = "NHL App WEEK 1";
			};
			name = Debug;
		};
		D4B8B9322AEA2627003E2C46 /* Release */ = {
			isa = XCBuildConfiguration;
			buildSettings = {
				ALWAYS_EMBED_SWIFT_STANDARD_LIBRARIES = YES;
				CODE_SIGN_STYLE = Automatic;
				CURRENT_PROJECT_VERSION = 1;
				DEVELOPMENT_TEAM = H2ANL4K7JB;
				GENERATE_INFOPLIST_FILE = YES;
				IPHONEOS_DEPLOYMENT_TARGET = 17.0;
				MACOSX_DEPLOYMENT_TARGET = 13.5;
				MARKETING_VERSION = 1.0;
				PRODUCT_BUNDLE_IDENTIFIER = "com.example.NHL-App-WEEK-1UITests";
				PRODUCT_NAME = "$(TARGET_NAME)";
				SDKROOT = auto;
				SUPPORTED_PLATFORMS = "iphoneos iphonesimulator macosx";
				SWIFT_EMIT_LOC_STRINGS = NO;
				SWIFT_VERSION = 5.0;
				TARGETED_DEVICE_FAMILY = "1,2";
				TEST_TARGET_NAME = "NHL App WEEK 1";
			};
			name = Release;
		};
/* End XCBuildConfiguration section */

/* Begin XCConfigurationList section */
		D4B8B9002AEA2623003E2C46 /* Build configuration list for PBXProject "NHL App WEEK 1" */ = {
			isa = XCConfigurationList;
			buildConfigurations = (
				D4B8B9282AEA2627003E2C46 /* Debug */,
				D4B8B9292AEA2627003E2C46 /* Release */,
			);
			defaultConfigurationIsVisible = 0;
			defaultConfigurationName = Release;
		};
		D4B8B92A2AEA2627003E2C46 /* Build configuration list for PBXNativeTarget "NHL App WEEK 1" */ = {
			isa = XCConfigurationList;
			buildConfigurations = (
				D4B8B92B2AEA2627003E2C46 /* Debug */,
				D4B8B92C2AEA2627003E2C46 /* Release */,
			);
			defaultConfigurationIsVisible = 0;
			defaultConfigurationName = Release;
		};
		D4B8B92D2AEA2627003E2C46 /* Build configuration list for PBXNativeTarget "NHL App WEEK 1Tests" */ = {
			isa = XCConfigurationList;
			buildConfigurations = (
				D4B8B92E2AEA2627003E2C46 /* Debug */,
				D4B8B92F2AEA2627003E2C46 /* Release */,
			);
			defaultConfigurationIsVisible = 0;
			defaultConfigurationName = Release;
		};
		D4B8B9302AEA2627003E2C46 /* Build configuration list for PBXNativeTarget "NHL App WEEK 1UITests" */ = {
			isa = XCConfigurationList;
			buildConfigurations = (
				D4B8B9312AEA2627003E2C46 /* Debug */,
				D4B8B9322AEA2627003E2C46 /* Release */,
			);
			defaultConfigurationIsVisible = 0;
			defaultConfigurationName = Release;
		};
/* End XCConfigurationList section */

/* Begin XCRemoteSwiftPackageReference section */
		D494CF542B1924DB00476646 /* XCRemoteSwiftPackageReference "SVGView" */ = {
			isa = XCRemoteSwiftPackageReference;
			repositoryURL = "https://github.com/exyte/SVGView.git";
			requirement = {
				kind = upToNextMajorVersion;
				minimumVersion = 1.0.6;
			};
		};
/* End XCRemoteSwiftPackageReference section */

/* Begin XCSwiftPackageProductDependency section */
		D494CF552B1924DB00476646 /* SVGView */ = {
			isa = XCSwiftPackageProductDependency;
			package = D494CF542B1924DB00476646 /* XCRemoteSwiftPackageReference "SVGView" */;
			productName = SVGView;
		};
/* End XCSwiftPackageProductDependency section */
	};
	rootObject = D4B8B8FD2AEA2623003E2C46 /* Project object */;
}
